// !$*UTF8*$!
{
	archiveVersion = 1;
	classes = {
	};
	objectVersion = 55;
	objects = {

/* Begin PBXBuildFile section */
		9351C0922795E28D00C3F6DB /* AppDelegate.swift in Sources */ = {isa = PBXBuildFile; fileRef = 9351C0912795E28D00C3F6DB /* AppDelegate.swift */; };
		9351C0942795E28D00C3F6DB /* SceneDelegate.swift in Sources */ = {isa = PBXBuildFile; fileRef = 9351C0932795E28D00C3F6DB /* SceneDelegate.swift */; };
		9351C0962795E28D00C3F6DB /* ViewController.swift in Sources */ = {isa = PBXBuildFile; fileRef = 9351C0952795E28D00C3F6DB /* ViewController.swift */; };
		9351C0992795E28D00C3F6DB /* Main.storyboard in Resources */ = {isa = PBXBuildFile; fileRef = 9351C0972795E28D00C3F6DB /* Main.storyboard */; };
		9351C09B2795E28F00C3F6DB /* Assets.xcassets in Resources */ = {isa = PBXBuildFile; fileRef = 9351C09A2795E28F00C3F6DB /* Assets.xcassets */; };
		9351C09E2795E28F00C3F6DB /* LaunchScreen.storyboard in Resources */ = {isa = PBXBuildFile; fileRef = 9351C09C2795E28F00C3F6DB /* LaunchScreen.storyboard */; };
		93B2F4FE2795FF3E00333594 /* ViewController+AlertController.swift in Sources */ = {isa = PBXBuildFile; fileRef = 93B2F4FD2795FF3E00333594 /* ViewController+AlertController.swift */; };
		93B2F5002796AE7100333594 /* NetworkWeatherManager.swift in Sources */ = {isa = PBXBuildFile; fileRef = 93B2F4FF2796AE7100333594 /* NetworkWeatherManager.swift */; };
		93B2F5022796B15300333594 /* Constants.swift in Sources */ = {isa = PBXBuildFile; fileRef = 93B2F5012796B15300333594 /* Constants.swift */; };
/* End PBXBuildFile section */

/* Begin PBXFileReference section */
		9351C08E2795E28D00C3F6DB /* WeatherApp.app */ = {isa = PBXFileReference; explicitFileType = wrapper.application; includeInIndex = 0; path = WeatherApp.app; sourceTree = BUILT_PRODUCTS_DIR; };
		9351C0912795E28D00C3F6DB /* AppDelegate.swift */ = {isa = PBXFileReference; lastKnownFileType = sourcecode.swift; path = AppDelegate.swift; sourceTree = "<group>"; };
		9351C0932795E28D00C3F6DB /* SceneDelegate.swift */ = {isa = PBXFileReference; lastKnownFileType = sourcecode.swift; path = SceneDelegate.swift; sourceTree = "<group>"; };
		9351C0952795E28D00C3F6DB /* ViewController.swift */ = {isa = PBXFileReference; lastKnownFileType = sourcecode.swift; path = ViewController.swift; sourceTree = "<group>"; };
		9351C0982795E28D00C3F6DB /* Base */ = {isa = PBXFileReference; lastKnownFileType = file.storyboard; name = Base; path = Base.lproj/Main.storyboard; sourceTree = "<group>"; };
		9351C09A2795E28F00C3F6DB /* Assets.xcassets */ = {isa = PBXFileReference; lastKnownFileType = folder.assetcatalog; path = Assets.xcassets; sourceTree = "<group>"; };
		9351C09D2795E28F00C3F6DB /* Base */ = {isa = PBXFileReference; lastKnownFileType = file.storyboard; name = Base; path = Base.lproj/LaunchScreen.storyboard; sourceTree = "<group>"; };
		9351C09F2795E28F00C3F6DB /* Info.plist */ = {isa = PBXFileReference; lastKnownFileType = text.plist.xml; path = Info.plist; sourceTree = "<group>"; };
		93B2F4FD2795FF3E00333594 /* ViewController+AlertController.swift */ = {isa = PBXFileReference; lastKnownFileType = sourcecode.swift; path = "ViewController+AlertController.swift"; sourceTree = "<group>"; };
		93B2F4FF2796AE7100333594 /* NetworkWeatherManager.swift */ = {isa = PBXFileReference; lastKnownFileType = sourcecode.swift; name = NetworkWeatherManager.swift; path = WeatherApp/Models/NetworkWeatherManager.swift; sourceTree = SOURCE_ROOT; };
		93B2F5012796B15300333594 /* Constants.swift */ = {isa = PBXFileReference; lastKnownFileType = sourcecode.swift; path = Constants.swift; sourceTree = "<group>"; };
/* End PBXFileReference section */

/* Begin PBXFrameworksBuildPhase section */
		9351C08B2795E28D00C3F6DB /* Frameworks */ = {
			isa = PBXFrameworksBuildPhase;
			buildActionMask = 2147483647;
			files = (
			);
			runOnlyForDeploymentPostprocessing = 0;
		};
/* End PBXFrameworksBuildPhase section */

/* Begin PBXGroup section */
		9351C0852795E28D00C3F6DB = {
			isa = PBXGroup;
			children = (
				9351C0902795E28D00C3F6DB /* WeatherApp */,
				9351C08F2795E28D00C3F6DB /* Products */,
			);
			sourceTree = "<group>";
		};
		9351C08F2795E28D00C3F6DB /* Products */ = {
			isa = PBXGroup;
			children = (
				9351C08E2795E28D00C3F6DB /* WeatherApp.app */,
			);
			name = Products;
			sourceTree = "<group>";
		};
		9351C0902795E28D00C3F6DB /* WeatherApp */ = {
			isa = PBXGroup;
			children = (
				93B2F4F82795F11C00333594 /* Extensions */,
				93B2F4FA2795F13B00333594 /* Models */,
				93B2F4F92795F12B00333594 /* Views */,
				93B2F4FB2795F14B00333594 /* View Controllers */,
				93B2F4FC2795F17200333594 /* Supporting Files */,
				9351C09F2795E28F00C3F6DB /* Info.plist */,
			);
			path = WeatherApp;
			sourceTree = "<group>";
		};
		93B2F4F82795F11C00333594 /* Extensions */ = {
			isa = PBXGroup;
			children = (
				93B2F4FD2795FF3E00333594 /* ViewController+AlertController.swift */,
			);
			path = Extensions;
			sourceTree = "<group>";
		};
		93B2F4F92795F12B00333594 /* Views */ = {
			isa = PBXGroup;
			children = (
				9351C0972795E28D00C3F6DB /* Main.storyboard */,
				9351C09C2795E28F00C3F6DB /* LaunchScreen.storyboard */,
			);
			path = Views;
			sourceTree = "<group>";
		};
		93B2F4FA2795F13B00333594 /* Models */ = {
			isa = PBXGroup;
			children = (
				93B2F4FF2796AE7100333594 /* NetworkWeatherManager.swift */,
			);
			path = Models;
			sourceTree = "<group>";
		};
		93B2F4FB2795F14B00333594 /* View Controllers */ = {
			isa = PBXGroup;
			children = (
				9351C0952795E28D00C3F6DB /* ViewController.swift */,
			);
			path = "View Controllers";
			sourceTree = "<group>";
		};
		93B2F4FC2795F17200333594 /* Supporting Files */ = {
			isa = PBXGroup;
			children = (
				93B2F5012796B15300333594 /* Constants.swift */,
				9351C0912795E28D00C3F6DB /* AppDelegate.swift */,
				9351C0932795E28D00C3F6DB /* SceneDelegate.swift */,
				9351C09A2795E28F00C3F6DB /* Assets.xcassets */,
			);
			path = "Supporting Files";
			sourceTree = "<group>";
		};
/* End PBXGroup section */

/* Begin PBXNativeTarget section */
		9351C08D2795E28D00C3F6DB /* WeatherApp */ = {
			isa = PBXNativeTarget;
			buildConfigurationList = 9351C0A22795E28F00C3F6DB /* Build configuration list for PBXNativeTarget "WeatherApp" */;
			buildPhases = (
				9351C08A2795E28D00C3F6DB /* Sources */,
				9351C08B2795E28D00C3F6DB /* Frameworks */,
				9351C08C2795E28D00C3F6DB /* Resources */,
			);
			buildRules = (
			);
			dependencies = (
			);
			name = WeatherApp;
			productName = WeatherApp;
			productReference = 9351C08E2795E28D00C3F6DB /* WeatherApp.app */;
			productType = "com.apple.product-type.application";
		};
/* End PBXNativeTarget section */

/* Begin PBXProject section */
		9351C0862795E28D00C3F6DB /* Project object */ = {
			isa = PBXProject;
			attributes = {
				BuildIndependentTargetsInParallel = 1;
				LastSwiftUpdateCheck = 1320;
				LastUpgradeCheck = 1320;
				TargetAttributes = {
					9351C08D2795E28D00C3F6DB = {
						CreatedOnToolsVersion = 13.2.1;
					};
				};
			};
			buildConfigurationList = 9351C0892795E28D00C3F6DB /* Build configuration list for PBXProject "WeatherApp" */;
			compatibilityVersion = "Xcode 13.0";
			developmentRegion = en;
			hasScannedForEncodings = 0;
			knownRegions = (
				en,
				Base,
			);
			mainGroup = 9351C0852795E28D00C3F6DB;
			productRefGroup = 9351C08F2795E28D00C3F6DB /* Products */;
			projectDirPath = "";
			projectRoot = "";
			targets = (
				9351C08D2795E28D00C3F6DB /* WeatherApp */,
			);
		};
/* End PBXProject section */

/* Begin PBXResourcesBuildPhase section */
		9351C08C2795E28D00C3F6DB /* Resources */ = {
			isa = PBXResourcesBuildPhase;
			buildActionMask = 2147483647;
			files = (
				9351C09E2795E28F00C3F6DB /* LaunchScreen.storyboard in Resources */,
				9351C09B2795E28F00C3F6DB /* Assets.xcassets in Resources */,
				9351C0992795E28D00C3F6DB /* Main.storyboard in Resources */,
			);
			runOnlyForDeploymentPostprocessing = 0;
		};
/* End PBXResourcesBuildPhase section */

/* Begin PBXSourcesBuildPhase section */
		9351C08A2795E28D00C3F6DB /* Sources */ = {
			isa = PBXSourcesBuildPhase;
			buildActionMask = 2147483647;
			files = (
				9351C0962795E28D00C3F6DB /* ViewController.swift in Sources */,
				93B2F4FE2795FF3E00333594 /* ViewController+AlertController.swift in Sources */,
				93B2F5002796AE7100333594 /* NetworkWeatherManager.swift in Sources */,
				9351C0922795E28D00C3F6DB /* AppDelegate.swift in Sources */,
				9351C0942795E28D00C3F6DB /* SceneDelegate.swift in Sources */,
				93B2F5022796B15300333594 /* Constants.swift in Sources */,
			);
			runOnlyForDeploymentPostprocessing = 0;
		};
/* End PBXSourcesBuildPhase section */

/* Begin PBXVariantGroup section */
		9351C0972795E28D00C3F6DB /* Main.storyboard */ = {
			isa = PBXVariantGroup;
			children = (
				9351C0982795E28D00C3F6DB /* Base */,
			);
			name = Main.storyboard;
			sourceTree = "<group>";
		};
		9351C09C2795E28F00C3F6DB /* LaunchScreen.storyboard */ = {
			isa = PBXVariantGroup;
			children = (
				9351C09D2795E28F00C3F6DB /* Base */,
			);
			name = LaunchScreen.storyboard;
			sourceTree = "<group>";
		};
/* End PBXVariantGroup section */

/* Begin XCBuildConfiguration section */
		9351C0A02795E28F00C3F6DB /* Debug */ = {
			isa = XCBuildConfiguration;
			buildSettings = {
				ALWAYS_SEARCH_USER_PATHS = NO;
				CLANG_ANALYZER_NONNULL = YES;
				CLANG_ANALYZER_NUMBER_OBJECT_CONVERSION = YES_AGGRESSIVE;
				CLANG_CXX_LANGUAGE_STANDARD = "gnu++17";
				CLANG_CXX_LIBRARY = "libc++";
				CLANG_ENABLE_MODULES = YES;
				CLANG_ENABLE_OBJC_ARC = YES;
				CLANG_ENABLE_OBJC_WEAK = YES;
				CLANG_WARN_BLOCK_CAPTURE_AUTORELEASING = YES;
				CLANG_WARN_BOOL_CONVERSION = YES;
				CLANG_WARN_COMMA = YES;
				CLANG_WARN_CONSTANT_CONVERSION = YES;
				CLANG_WARN_DEPRECATED_OBJC_IMPLEMENTATIONS = YES;
				CLANG_WARN_DIRECT_OBJC_ISA_USAGE = YES_ERROR;
				CLANG_WARN_DOCUMENTATION_COMMENTS = YES;
				CLANG_WARN_EMPTY_BODY = YES;
				CLANG_WARN_ENUM_CONVERSION = YES;
				CLANG_WARN_INFINITE_RECURSION = YES;
				CLANG_WARN_INT_CONVERSION = YES;
				CLANG_WARN_NON_LITERAL_NULL_CONVERSION = YES;
				CLANG_WARN_OBJC_IMPLICIT_RETAIN_SELF = YES;
				CLANG_WARN_OBJC_LITERAL_CONVERSION = YES;
				CLANG_WARN_OBJC_ROOT_CLASS = YES_ERROR;
				CLANG_WARN_QUOTED_INCLUDE_IN_FRAMEWORK_HEADER = YES;
				CLANG_WARN_RANGE_LOOP_ANALYSIS = YES;
				CLANG_WARN_STRICT_PROTOTYPES = YES;
				CLANG_WARN_SUSPICIOUS_MOVE = YES;
				CLANG_WARN_UNGUARDED_AVAILABILITY = YES_AGGRESSIVE;
				CLANG_WARN_UNREACHABLE_CODE = YES;
				CLANG_WARN__DUPLICATE_METHOD_MATCH = YES;
				COPY_PHASE_STRIP = NO;
				DEBUG_INFORMATION_FORMAT = dwarf;
				ENABLE_STRICT_OBJC_MSGSEND = YES;
				ENABLE_TESTABILITY = YES;
				GCC_C_LANGUAGE_STANDARD = gnu11;
				GCC_DYNAMIC_NO_PIC = NO;
				GCC_NO_COMMON_BLOCKS = YES;
				GCC_OPTIMIZATION_LEVEL = 0;
				GCC_PREPROCESSOR_DEFINITIONS = (
					"DEBUG=1",
					"$(inherited)",
				);
				GCC_WARN_64_TO_32_BIT_CONVERSION = YES;
				GCC_WARN_ABOUT_RETURN_TYPE = YES_ERROR;
				GCC_WARN_UNDECLARED_SELECTOR = YES;
				GCC_WARN_UNINITIALIZED_AUTOS = YES_AGGRESSIVE;
				GCC_WARN_UNUSED_FUNCTION = YES;
				GCC_WARN_UNUSED_VARIABLE = YES;
				IPHONEOS_DEPLOYMENT_TARGET = 15.2;
				MTL_ENABLE_DEBUG_INFO = INCLUDE_SOURCE;
				MTL_FAST_MATH = YES;
				ONLY_ACTIVE_ARCH = YES;
				SDKROOT = iphoneos;
				SWIFT_ACTIVE_COMPILATION_CONDITIONS = DEBUG;
				SWIFT_OPTIMIZATION_LEVEL = "-Onone";
			};
			name = Debug;
		};
		9351C0A12795E28F00C3F6DB /* Release */ = {
			isa = XCBuildConfiguration;
			buildSettings = {
				ALWAYS_SEARCH_USER_PATHS = NO;
				CLANG_ANALYZER_NONNULL = YES;
				CLANG_ANALYZER_NUMBER_OBJECT_CONVERSION = YES_AGGRESSIVE;
				CLANG_CXX_LANGUAGE_STANDARD = "gnu++17";
				CLANG_CXX_LIBRARY = "libc++";
				CLANG_ENABLE_MODULES = YES;
				CLANG_ENABLE_OBJC_ARC = YES;
				CLANG_ENABLE_OBJC_WEAK = YES;
				CLANG_WARN_BLOCK_CAPTURE_AUTORELEASING = YES;
				CLANG_WARN_BOOL_CONVERSION = YES;
				CLANG_WARN_COMMA = YES;
				CLANG_WARN_CONSTANT_CONVERSION = YES;
				CLANG_WARN_DEPRECATED_OBJC_IMPLEMENTATIONS = YES;
				CLANG_WARN_DIRECT_OBJC_ISA_USAGE = YES_ERROR;
				CLANG_WARN_DOCUMENTATION_COMMENTS = YES;
				CLANG_WARN_EMPTY_BODY = YES;
				CLANG_WARN_ENUM_CONVERSION = YES;
				CLANG_WARN_INFINITE_RECURSION = YES;
				CLANG_WARN_INT_CONVERSION = YES;
				CLANG_WARN_NON_LITERAL_NULL_CONVERSION = YES;
				CLANG_WARN_OBJC_IMPLICIT_RETAIN_SELF = YES;
				CLANG_WARN_OBJC_LITERAL_CONVERSION = YES;
				CLANG_WARN_OBJC_ROOT_CLASS = YES_ERROR;
				CLANG_WARN_QUOTED_INCLUDE_IN_FRAMEWORK_HEADER = YES;
				CLANG_WARN_RANGE_LOOP_ANALYSIS = YES;
				CLANG_WARN_STRICT_PROTOTYPES = YES;
				CLANG_WARN_SUSPICIOUS_MOVE = YES;
				CLANG_WARN_UNGUARDED_AVAILABILITY = YES_AGGRESSIVE;
				CLANG_WARN_UNREACHABLE_CODE = YES;
				CLANG_WARN__DUPLICATE_METHOD_MATCH = YES;
				COPY_PHASE_STRIP = NO;
				DEBUG_INFORMATION_FORMAT = "dwarf-with-dsym";
				ENABLE_NS_ASSERTIONS = NO;
				ENABLE_STRICT_OBJC_MSGSEND = YES;
				GCC_C_LANGUAGE_STANDARD = gnu11;
				GCC_NO_COMMON_BLOCKS = YES;
				GCC_WARN_64_TO_32_BIT_CONVERSION = YES;
				GCC_WARN_ABOUT_RETURN_TYPE = YES_ERROR;
				GCC_WARN_UNDECLARED_SELECTOR = YES;
				GCC_WARN_UNINITIALIZED_AUTOS = YES_AGGRESSIVE;
				GCC_WARN_UNUSED_FUNCTION = YES;
				GCC_WARN_UNUSED_VARIABLE = YES;
				IPHONEOS_DEPLOYMENT_TARGET = 15.2;
				MTL_ENABLE_DEBUG_INFO = NO;
				MTL_FAST_MATH = YES;
				SDKROOT = iphoneos;
				SWIFT_COMPILATION_MODE = wholemodule;
				SWIFT_OPTIMIZATION_LEVEL = "-O";
				VALIDATE_PRODUCT = YES;
			};
			name = Release;
		};
		9351C0A32795E28F00C3F6DB /* Debug */ = {
			isa = XCBuildConfiguration;
			buildSettings = {
				ASSETCATALOG_COMPILER_APPICON_NAME = AppIcon;
				ASSETCATALOG_COMPILER_GLOBAL_ACCENT_COLOR_NAME = AccentColor;
				CODE_SIGN_STYLE = Automatic;
				CURRENT_PROJECT_VERSION = 1;
				GENERATE_INFOPLIST_FILE = YES;
				INFOPLIST_FILE = WeatherApp/Info.plist;
				INFOPLIST_KEY_UIApplicationSupportsIndirectInputEvents = YES;
				INFOPLIST_KEY_UILaunchStoryboardName = LaunchScreen;
				INFOPLIST_KEY_UIMainStoryboardFile = Main;
				INFOPLIST_KEY_UISupportedInterfaceOrientations_iPad = "UIInterfaceOrientationPortrait UIInterfaceOrientationPortraitUpsideDown UIInterfaceOrientationLandscapeLeft UIInterfaceOrientationLandscapeRight";
				INFOPLIST_KEY_UISupportedInterfaceOrientations_iPhone = "UIInterfaceOrientationPortrait UIInterfaceOrientationLandscapeLeft UIInterfaceOrientationLandscapeRight";
				LD_RUNPATH_SEARCH_PATHS = (
					"$(inherited)",
					"@executable_path/Frameworks",
				);
				MARKETING_VERSION = 1.0;
				PRODUCT_BUNDLE_IDENTIFIER = com.kulieshova.WeatherApp;
				PRODUCT_NAME = "$(TARGET_NAME)";
				SWIFT_EMIT_LOC_STRINGS = YES;
				SWIFT_VERSION = 5.0;
				TARGETED_DEVICE_FAMILY = "1,2";
			};
			name = Debug;
		};
		9351C0A42795E28F00C3F6DB /* Release */ = {
			isa = XCBuildConfiguration;
			buildSettings = {
				ASSETCATALOG_COMPILER_APPICON_NAME = AppIcon;
				ASSETCATALOG_COMPILER_GLOBAL_ACCENT_COLOR_NAME = AccentColor;
				CODE_SIGN_STYLE = Automatic;
				CURRENT_PROJECT_VERSION = 1;
				GENERATE_INFOPLIST_FILE = YES;
				INFOPLIST_FILE = WeatherApp/Info.plist;
				INFOPLIST_KEY_UIApplicationSupportsIndirectInputEvents = YES;
				INFOPLIST_KEY_UILaunchStoryboardName = LaunchScreen;
				INFOPLIST_KEY_UIMainStoryboardFile = Main;
				INFOPLIST_KEY_UISupportedInterfaceOrientations_iPad = "UIInterfaceOrientationPortrait UIInterfaceOrientationPortraitUpsideDown UIInterfaceOrientationLandscapeLeft UIInterfaceOrientationLandscapeRight";
				INFOPLIST_KEY_UISupportedInterfaceOrientations_iPhone = "UIInterfaceOrientationPortrait UIInterfaceOrientationLandscapeLeft UIInterfaceOrientationLandscapeRight";
				LD_RUNPATH_SEARCH_PATHS = (
					"$(inherited)",
					"@executable_path/Frameworks",
				);
				MARKETING_VERSION = 1.0;
				PRODUCT_BUNDLE_IDENTIFIER = com.kulieshova.WeatherApp;
				PRODUCT_NAME = "$(TARGET_NAME)";
				SWIFT_EMIT_LOC_STRINGS = YES;
				SWIFT_VERSION = 5.0;
				TARGETED_DEVICE_FAMILY = "1,2";
			};
			name = Release;
		};
/* End XCBuildConfiguration section */

/* Begin XCConfigurationList section */
		9351C0892795E28D00C3F6DB /* Build configuration list for PBXProject "WeatherApp" */ = {
			isa = XCConfigurationList;
			buildConfigurations = (
				9351C0A02795E28F00C3F6DB /* Debug */,
				9351C0A12795E28F00C3F6DB /* Release */,
			);
			defaultConfigurationIsVisible = 0;
			defaultConfigurationName = Release;
		};
		9351C0A22795E28F00C3F6DB /* Build configuration list for PBXNativeTarget "WeatherApp" */ = {
			isa = XCConfigurationList;
			buildConfigurations = (
				9351C0A32795E28F00C3F6DB /* Debug */,
				9351C0A42795E28F00C3F6DB /* Release */,
			);
			defaultConfigurationIsVisible = 0;
			defaultConfigurationName = Release;
		};
/* End XCConfigurationList section */
	};
	rootObject = 9351C0862795E28D00C3F6DB /* Project object */;
}
